
Microsoft Visual Studio Solution File, Format Version 12.00
# Visual Studio 2012
Project("{FAE04EC0-301F-11D3-BF4B-00C04F79EFBC}") = "FashionableMe", "FashionableMe\FashionableMe.csproj", "{01056D39-2BCB-4459-90E1-4B82058AC4EE}"
EndProject
Project("{FAE04EC0-301F-11D3-BF4B-00C04F79EFBC}") = "FashionableMeTest", "FashionableMeTest\FashionableMeTest.csproj", "{FF23C337-82B0-4CDB-8967-38C88492C3ED}"
EndProject
Global
	GlobalSection(SolutionConfigurationPlatforms) = preSolution
		Debug|Any CPU = Debug|Any CPU
		Release|Any CPU = Release|Any CPU
	EndGlobalSection
	GlobalSection(ProjectConfigurationPlatforms) = postSolution
		{01056D39-2BCB-4459-90E1-4B82058AC4EE}.Debug|Any CPU.ActiveCfg = Debug|Any CPU
		{01056D39-2BCB-4459-90E1-4B82058AC4EE}.Debug|Any CPU.Build.0 = Debug|Any CPU
		{01056D39-2BCB-4459-90E1-4B82058AC4EE}.Release|Any CPU.ActiveCfg = Release|Any CPU
		{01056D39-2BCB-4459-90E1-4B82058AC4EE}.Release|Any CPU.Build.0 = Release|Any CPU
		{FF23C337-82B0-4CDB-8967-38C88492C3ED}.Debug|Any CPU.ActiveCfg = Debug|Any CPU
		{FF23C337-82B0-4CDB-8967-38C88492C3ED}.Debug|Any CPU.Build.0 = Debug|Any CPU
		{FF23C337-82B0-4CDB-8967-38C88492C3ED}.Release|Any CPU.ActiveCfg = Release|Any CPU
		{FF23C337-82B0-4CDB-8967-38C88492C3ED}.Release|Any CPU.Build.0 = Release|Any CPU
	EndGlobalSection
	GlobalSection(SolutionProperties) = preSolution
		HideSolutionNode = FALSE
	EndGlobalSection
EndGlobal
